
Microsoft Visual Studio Solution File, Format Version 12.00
# Visual Studio Version 17
VisualStudioVersion = 17.5.33502.453
MinimumVisualStudioVersion = 10.0.40219.1
Project("{FAE04EC0-301F-11D3-BF4B-00C04F79EFBC}") = "WebApi", "WebApi\WebApi.csproj", "{F814305A-450A-4EAB-B5EE-29354E853422}"
EndProject
Global
	GlobalSection(SolutionConfigurationPlatforms) = preSolution
		Debug|Any CPU = Debug|Any CPU
		Release|Any CPU = Release|Any CPU
	EndGlobalSection
	GlobalSection(ProjectConfigurationPlatforms) = postSolution
		{F814305A-450A-4EAB-B5EE-29354E853422}.Debug|Any CPU.ActiveCfg = Debug|Any CPU
		{F814305A-450A-4EAB-B5EE-29354E853422}.Debug|Any CPU.Build.0 = Debug|Any CPU
		{F814305A-450A-4EAB-B5EE-29354E853422}.Release|Any CPU.ActiveCfg = Release|Any CPU
		{F814305A-450A-4EAB-B5EE-29354E853422}.Release|Any CPU.Build.0 = Release|Any CPU
	EndGlobalSection
	GlobalSection(SolutionProperties) = preSolution
		HideSolutionNode = FALSE
	EndGlobalSection
	GlobalSection(ExtensibilityGlobals) = postSolution
		SolutionGuid = {F939E45B-3B09-4893-9FC0-05E56230627B}
	EndGlobalSection
EndGlobal
